
Microsoft Visual Studio Solution File, Format Version 12.00
# Visual Studio 15
VisualStudioVersion = 15.0.27703.2047
MinimumVisualStudioVersion = 10.0.40219.1
Project("{FAE04EC0-301F-11D3-BF4B-00C04F79EFBC}") = "CMPInfoNG", "CMPInfoNG\CMPInfoNG.csproj", "{5E1D1DB6-B609-4715-A1B1-B729A8387435}"
EndProject
Global
	GlobalSection(SolutionConfigurationPlatforms) = preSolution
		Debug|Any CPU = Debug|Any CPU
		Release|Any CPU = Release|Any CPU
	EndGlobalSection
	GlobalSection(ProjectConfigurationPlatforms) = postSolution
		{5E1D1DB6-B609-4715-A1B1-B729A8387435}.Debug|Any CPU.ActiveCfg = Debug|Any CPU
		{5E1D1DB6-B609-4715-A1B1-B729A8387435}.Debug|Any CPU.Build.0 = Debug|Any CPU
		{5E1D1DB6-B609-4715-A1B1-B729A8387435}.Release|Any CPU.ActiveCfg = Release|Any CPU
		{5E1D1DB6-B609-4715-A1B1-B729A8387435}.Release|Any CPU.Build.0 = Release|Any CPU
	EndGlobalSection
	GlobalSection(SolutionProperties) = preSolution
		HideSolutionNode = FALSE
	EndGlobalSection
	GlobalSection(ExtensibilityGlobals) = postSolution
		SolutionGuid = {73569954-8FE0-4968-AA25-9F89B2DF8176}
	EndGlobalSection
EndGlobal
